
Microsoft Visual Studio Solution File, Format Version 12.00
# Visual Studio 15
VisualStudioVersion = 15.0.26430.13
MinimumVisualStudioVersion = 10.0.40219.1
Project("{FAE04EC0-301F-11D3-BF4B-00C04F79EFBC}") = "DmxLedPanel", "DmxLedPanel\DmxLedPanel.csproj", "{DF17C1F1-B65E-43D1-8137-84E08DE9D1E0}"
EndProject
Project("{FAE04EC0-301F-11D3-BF4B-00C04F79EFBC}") = "ArtNet", "..\..\..\Libraries\ArtNet\ArtNet\ArtNet\ArtNet.csproj", "{188C5EF2-1406-4ED3-80F8-32F9921721BA}"
EndProject
Project("{54435603-DBB4-11D2-8724-00A0C9A8B90C}") = "DmxLedPanelsSetup", "DmxLedPanelsSetup\DmxLedPanelsSetup.vdproj", "{ED66870A-52FA-40C5-8A65-875B777388A9}"
EndProject
Project("{FAE04EC0-301F-11D3-BF4B-00C04F79EFBC}") = "DmxLedPanelTester", "DmxLedPanelTester\DmxLedPanelTester.csproj", "{114AD1FD-4667-435B-9EB2-F5F058544E83}"
EndProject
Global
	GlobalSection(SolutionConfigurationPlatforms) = preSolution
		Debug|Any CPU = Debug|Any CPU
		Release|Any CPU = Release|Any CPU
	EndGlobalSection
	GlobalSection(ProjectConfigurationPlatforms) = postSolution
		{DF17C1F1-B65E-43D1-8137-84E08DE9D1E0}.Debug|Any CPU.ActiveCfg = Debug|Any CPU
		{DF17C1F1-B65E-43D1-8137-84E08DE9D1E0}.Debug|Any CPU.Build.0 = Debug|Any CPU
		{DF17C1F1-B65E-43D1-8137-84E08DE9D1E0}.Release|Any CPU.ActiveCfg = Release|Any CPU
		{DF17C1F1-B65E-43D1-8137-84E08DE9D1E0}.Release|Any CPU.Build.0 = Release|Any CPU
		{188C5EF2-1406-4ED3-80F8-32F9921721BA}.Debug|Any CPU.ActiveCfg = Debug|Any CPU
		{188C5EF2-1406-4ED3-80F8-32F9921721BA}.Debug|Any CPU.Build.0 = Debug|Any CPU
		{188C5EF2-1406-4ED3-80F8-32F9921721BA}.Release|Any CPU.ActiveCfg = Release|Any CPU
		{188C5EF2-1406-4ED3-80F8-32F9921721BA}.Release|Any CPU.Build.0 = Release|Any CPU
		{ED66870A-52FA-40C5-8A65-875B777388A9}.Debug|Any CPU.ActiveCfg = Debug
		{ED66870A-52FA-40C5-8A65-875B777388A9}.Debug|Any CPU.Build.0 = Debug
		{ED66870A-52FA-40C5-8A65-875B777388A9}.Release|Any CPU.ActiveCfg = Release
		{114AD1FD-4667-435B-9EB2-F5F058544E83}.Debug|Any CPU.ActiveCfg = Debug|Any CPU
		{114AD1FD-4667-435B-9EB2-F5F058544E83}.Debug|Any CPU.Build.0 = Debug|Any CPU
		{114AD1FD-4667-435B-9EB2-F5F058544E83}.Release|Any CPU.ActiveCfg = Release|Any CPU
		{114AD1FD-4667-435B-9EB2-F5F058544E83}.Release|Any CPU.Build.0 = Release|Any CPU
	EndGlobalSection
	GlobalSection(SolutionProperties) = preSolution
		HideSolutionNode = FALSE
	EndGlobalSection
EndGlobal
