
Microsoft Visual Studio Solution File, Format Version 12.00
# Visual Studio 15
VisualStudioVersion = 15.0.26430.13
MinimumVisualStudioVersion = 10.0.40219.1
Project("{FAE04EC0-301F-11D3-BF4B-00C04F79EFBC}") = "DmxLedPanel", "DmxLedPanel\DmxLedPanel.csproj", "{DF17C1F1-B65E-43D1-8137-84E08DE9D1E0}"
EndProject
Project("{FAE04EC0-301F-11D3-BF4B-00C04F79EFBC}") = "ArtNet", "..\..\..\Libraries\ArtNet\ArtNet\ArtNet\ArtNet.csproj", "{188C5EF2-1406-4ED3-80F8-32F9921721BA}"
EndProject
Project("{54435603-DBB4-11D2-8724-00A0C9A8B90C}") = "DmxLedPanelsSetup", "DmxLedPanelsSetup\DmxLedPanelsSetup.vdproj", "{ED66870A-52FA-40C5-8A65-875B777388A9}"
EndProject
Project("{FAE04EC0-301F-11D3-BF4B-00C04F79EFBC}") = "Talker", "Talker\Talker.csproj", "{5EF19DF5-D38C-4F94-9BE1-41777ED561A2}"
EndProject
Project("{8BC9CEB8-8B4A-11D0-8D11-00A0C91BC942}") = "Core", "Core\Core.vcxproj", "{D8AB24D5-6170-4132-8A17-2EFE5883EE1E}"
EndProject
Global
	GlobalSection(SolutionConfigurationPlatforms) = preSolution
		Debug|Any CPU = Debug|Any CPU
		Debug|x64 = Debug|x64
		Debug|x86 = Debug|x86
		Release|Any CPU = Release|Any CPU
		Release|x64 = Release|x64
		Release|x86 = Release|x86
	EndGlobalSection
	GlobalSection(ProjectConfigurationPlatforms) = postSolution
		{DF17C1F1-B65E-43D1-8137-84E08DE9D1E0}.Debug|Any CPU.ActiveCfg = Debug|Any CPU
		{DF17C1F1-B65E-43D1-8137-84E08DE9D1E0}.Debug|Any CPU.Build.0 = Debug|Any CPU
		{DF17C1F1-B65E-43D1-8137-84E08DE9D1E0}.Debug|x64.ActiveCfg = Debug|Any CPU
		{DF17C1F1-B65E-43D1-8137-84E08DE9D1E0}.Debug|x64.Build.0 = Debug|Any CPU
		{DF17C1F1-B65E-43D1-8137-84E08DE9D1E0}.Debug|x86.ActiveCfg = Debug|Any CPU
		{DF17C1F1-B65E-43D1-8137-84E08DE9D1E0}.Debug|x86.Build.0 = Debug|Any CPU
		{DF17C1F1-B65E-43D1-8137-84E08DE9D1E0}.Release|Any CPU.ActiveCfg = Release|Any CPU
		{DF17C1F1-B65E-43D1-8137-84E08DE9D1E0}.Release|Any CPU.Build.0 = Release|Any CPU
		{DF17C1F1-B65E-43D1-8137-84E08DE9D1E0}.Release|x64.ActiveCfg = Release|Any CPU
		{DF17C1F1-B65E-43D1-8137-84E08DE9D1E0}.Release|x64.Build.0 = Release|Any CPU
		{DF17C1F1-B65E-43D1-8137-84E08DE9D1E0}.Release|x86.ActiveCfg = Release|Any CPU
		{DF17C1F1-B65E-43D1-8137-84E08DE9D1E0}.Release|x86.Build.0 = Release|Any CPU
		{188C5EF2-1406-4ED3-80F8-32F9921721BA}.Debug|Any CPU.ActiveCfg = Debug|Any CPU
		{188C5EF2-1406-4ED3-80F8-32F9921721BA}.Debug|Any CPU.Build.0 = Debug|Any CPU
		{188C5EF2-1406-4ED3-80F8-32F9921721BA}.Debug|x64.ActiveCfg = Debug|Any CPU
		{188C5EF2-1406-4ED3-80F8-32F9921721BA}.Debug|x64.Build.0 = Debug|Any CPU
		{188C5EF2-1406-4ED3-80F8-32F9921721BA}.Debug|x86.ActiveCfg = Debug|Any CPU
		{188C5EF2-1406-4ED3-80F8-32F9921721BA}.Debug|x86.Build.0 = Debug|Any CPU
		{188C5EF2-1406-4ED3-80F8-32F9921721BA}.Release|Any CPU.ActiveCfg = Release|Any CPU
		{188C5EF2-1406-4ED3-80F8-32F9921721BA}.Release|Any CPU.Build.0 = Release|Any CPU
		{188C5EF2-1406-4ED3-80F8-32F9921721BA}.Release|x64.ActiveCfg = Release|Any CPU
		{188C5EF2-1406-4ED3-80F8-32F9921721BA}.Release|x64.Build.0 = Release|Any CPU
		{188C5EF2-1406-4ED3-80F8-32F9921721BA}.Release|x86.ActiveCfg = Release|Any CPU
		{188C5EF2-1406-4ED3-80F8-32F9921721BA}.Release|x86.Build.0 = Release|Any CPU
		{ED66870A-52FA-40C5-8A65-875B777388A9}.Debug|Any CPU.ActiveCfg = Debug
		{ED66870A-52FA-40C5-8A65-875B777388A9}.Debug|Any CPU.Build.0 = Debug
		{ED66870A-52FA-40C5-8A65-875B777388A9}.Debug|x64.ActiveCfg = Debug
		{ED66870A-52FA-40C5-8A65-875B777388A9}.Debug|x64.Build.0 = Debug
		{ED66870A-52FA-40C5-8A65-875B777388A9}.Debug|x86.ActiveCfg = Debug
		{ED66870A-52FA-40C5-8A65-875B777388A9}.Debug|x86.Build.0 = Debug
		{ED66870A-52FA-40C5-8A65-875B777388A9}.Release|Any CPU.ActiveCfg = Release
		{ED66870A-52FA-40C5-8A65-875B777388A9}.Release|x64.ActiveCfg = Release
		{ED66870A-52FA-40C5-8A65-875B777388A9}.Release|x64.Build.0 = Release
		{ED66870A-52FA-40C5-8A65-875B777388A9}.Release|x86.ActiveCfg = Release
		{ED66870A-52FA-40C5-8A65-875B777388A9}.Release|x86.Build.0 = Release
		{5EF19DF5-D38C-4F94-9BE1-41777ED561A2}.Debug|Any CPU.ActiveCfg = Debug|Any CPU
		{5EF19DF5-D38C-4F94-9BE1-41777ED561A2}.Debug|Any CPU.Build.0 = Debug|Any CPU
		{5EF19DF5-D38C-4F94-9BE1-41777ED561A2}.Debug|x64.ActiveCfg = Debug|Any CPU
		{5EF19DF5-D38C-4F94-9BE1-41777ED561A2}.Debug|x64.Build.0 = Debug|Any CPU
		{5EF19DF5-D38C-4F94-9BE1-41777ED561A2}.Debug|x86.ActiveCfg = Debug|Any CPU
		{5EF19DF5-D38C-4F94-9BE1-41777ED561A2}.Debug|x86.Build.0 = Debug|Any CPU
		{5EF19DF5-D38C-4F94-9BE1-41777ED561A2}.Release|Any CPU.ActiveCfg = Release|Any CPU
		{5EF19DF5-D38C-4F94-9BE1-41777ED561A2}.Release|Any CPU.Build.0 = Release|Any CPU
		{5EF19DF5-D38C-4F94-9BE1-41777ED561A2}.Release|x64.ActiveCfg = Release|Any CPU
		{5EF19DF5-D38C-4F94-9BE1-41777ED561A2}.Release|x64.Build.0 = Release|Any CPU
		{5EF19DF5-D38C-4F94-9BE1-41777ED561A2}.Release|x86.ActiveCfg = Release|Any CPU
		{5EF19DF5-D38C-4F94-9BE1-41777ED561A2}.Release|x86.Build.0 = Release|Any CPU
		{D8AB24D5-6170-4132-8A17-2EFE5883EE1E}.Debug|Any CPU.ActiveCfg = Debug|x64
		{D8AB24D5-6170-4132-8A17-2EFE5883EE1E}.Debug|Any CPU.Build.0 = Debug|x64
		{D8AB24D5-6170-4132-8A17-2EFE5883EE1E}.Debug|x64.ActiveCfg = Debug|x64
		{D8AB24D5-6170-4132-8A17-2EFE5883EE1E}.Debug|x64.Build.0 = Debug|x64
		{D8AB24D5-6170-4132-8A17-2EFE5883EE1E}.Debug|x86.ActiveCfg = Debug|Win32
		{D8AB24D5-6170-4132-8A17-2EFE5883EE1E}.Debug|x86.Build.0 = Debug|Win32
		{D8AB24D5-6170-4132-8A17-2EFE5883EE1E}.Release|Any CPU.ActiveCfg = Release|x64
		{D8AB24D5-6170-4132-8A17-2EFE5883EE1E}.Release|x64.ActiveCfg = Release|x64
		{D8AB24D5-6170-4132-8A17-2EFE5883EE1E}.Release|x64.Build.0 = Release|x64
		{D8AB24D5-6170-4132-8A17-2EFE5883EE1E}.Release|x86.ActiveCfg = Release|Win32
		{D8AB24D5-6170-4132-8A17-2EFE5883EE1E}.Release|x86.Build.0 = Release|Win32
	EndGlobalSection
	GlobalSection(SolutionProperties) = preSolution
		HideSolutionNode = FALSE
	EndGlobalSection
	GlobalSection(ExtensibilityGlobals) = postSolution
		SolutionGuid = {B6264223-46BC-4EC0-A4DC-A591D6C73310}
	EndGlobalSection
EndGlobal
